// !$*UTF8*$!
{
	archiveVersion = 1;
	classes = {
	};
	objectVersion = 56;
	objects = {

/* Begin PBXBuildFile section */
		E04415882AE55E6A003BB3BE /* AppDelegate.swift in Sources */ = {isa = PBXBuildFile; fileRef = E04415872AE55E6A003BB3BE /* AppDelegate.swift */; };
		E044158A2AE55E6A003BB3BE /* SceneDelegate.swift in Sources */ = {isa = PBXBuildFile; fileRef = E04415892AE55E6A003BB3BE /* SceneDelegate.swift */; };
		E044158C2AE55E6A003BB3BE /* ViewController.swift in Sources */ = {isa = PBXBuildFile; fileRef = E044158B2AE55E6A003BB3BE /* ViewController.swift */; };
		E044158F2AE55E6A003BB3BE /* Main.storyboard in Resources */ = {isa = PBXBuildFile; fileRef = E044158D2AE55E6A003BB3BE /* Main.storyboard */; };
		E04415912AE55E6D003BB3BE /* Assets.xcassets in Resources */ = {isa = PBXBuildFile; fileRef = E04415902AE55E6D003BB3BE /* Assets.xcassets */; };
		E04415942AE55E6D003BB3BE /* LaunchScreen.storyboard in Resources */ = {isa = PBXBuildFile; fileRef = E04415922AE55E6D003BB3BE /* LaunchScreen.storyboard */; };
		E044159F2AE55E6D003BB3BE /* StockRankTests.swift in Sources */ = {isa = PBXBuildFile; fileRef = E044159E2AE55E6D003BB3BE /* StockRankTests.swift */; };
		E04415A92AE55E6D003BB3BE /* StockRankUITests.swift in Sources */ = {isa = PBXBuildFile; fileRef = E04415A82AE55E6D003BB3BE /* StockRankUITests.swift */; };
		E04415AB2AE55E6D003BB3BE /* StockRankUITestsLaunchTests.swift in Sources */ = {isa = PBXBuildFile; fileRef = E04415AA2AE55E6D003BB3BE /* StockRankUITestsLaunchTests.swift */; };
		E04415B82AE55E7B003BB3BE /* StockRankViewController.swift in Sources */ = {isa = PBXBuildFile; fileRef = E04415B72AE55E7B003BB3BE /* StockRankViewController.swift */; };
		E097DC142AE682D60095B54E /* StockRankCollectionViewCell.swift in Sources */ = {isa = PBXBuildFile; fileRef = E097DC132AE682D60095B54E /* StockRankCollectionViewCell.swift */; };
		E097DC162AE684F00095B54E /* StockModel.swift in Sources */ = {isa = PBXBuildFile; fileRef = E097DC152AE684F00095B54E /* StockModel.swift */; };
/* End PBXBuildFile section */

/* Begin PBXContainerItemProxy section */
		E044159B2AE55E6D003BB3BE /* PBXContainerItemProxy */ = {
			isa = PBXContainerItemProxy;
			containerPortal = E044157C2AE55E6A003BB3BE /* Project object */;
			proxyType = 1;
			remoteGlobalIDString = E04415832AE55E6A003BB3BE;
			remoteInfo = StockRank;
		};
		E04415A52AE55E6D003BB3BE /* PBXContainerItemProxy */ = {
			isa = PBXContainerItemProxy;
			containerPortal = E044157C2AE55E6A003BB3BE /* Project object */;
			proxyType = 1;
			remoteGlobalIDString = E04415832AE55E6A003BB3BE;
			remoteInfo = StockRank;
		};
/* End PBXContainerItemProxy section */

/* Begin PBXFileReference section */
		E04415842AE55E6A003BB3BE /* StockRank.app */ = {isa = PBXFileReference; explicitFileType = wrapper.application; includeInIndex = 0; path = StockRank.app; sourceTree = BUILT_PRODUCTS_DIR; };
		E04415872AE55E6A003BB3BE /* AppDelegate.swift */ = {isa = PBXFileReference; lastKnownFileType = sourcecode.swift; path = AppDelegate.swift; sourceTree = "<group>"; };
		E04415892AE55E6A003BB3BE /* SceneDelegate.swift */ = {isa = PBXFileReference; lastKnownFileType = sourcecode.swift; path = SceneDelegate.swift; sourceTree = "<group>"; };
		E044158B2AE55E6A003BB3BE /* ViewController.swift */ = {isa = PBXFileReference; lastKnownFileType = sourcecode.swift; path = ViewController.swift; sourceTree = "<group>"; };
		E044158E2AE55E6A003BB3BE /* Base */ = {isa = PBXFileReference; lastKnownFileType = file.storyboard; name = Base; path = Base.lproj/Main.storyboard; sourceTree = "<group>"; };
		E04415902AE55E6D003BB3BE /* Assets.xcassets */ = {isa = PBXFileReference; lastKnownFileType = folder.assetcatalog; path = Assets.xcassets; sourceTree = "<group>"; };
		E04415932AE55E6D003BB3BE /* Base */ = {isa = PBXFileReference; lastKnownFileType = file.storyboard; name = Base; path = Base.lproj/LaunchScreen.storyboard; sourceTree = "<group>"; };
		E04415952AE55E6D003BB3BE /* Info.plist */ = {isa = PBXFileReference; lastKnownFileType = text.plist.xml; path = Info.plist; sourceTree = "<group>"; };
		E044159A2AE55E6D003BB3BE /* StockRankTests.xctest */ = {isa = PBXFileReference; explicitFileType = wrapper.cfbundle; includeInIndex = 0; path = StockRankTests.xctest; sourceTree = BUILT_PRODUCTS_DIR; };
		E044159E2AE55E6D003BB3BE /* StockRankTests.swift */ = {isa = PBXFileReference; lastKnownFileType = sourcecode.swift; path = StockRankTests.swift; sourceTree = "<group>"; };
		E04415A42AE55E6D003BB3BE /* StockRankUITests.xctest */ = {isa = PBXFileReference; explicitFileType = wrapper.cfbundle; includeInIndex = 0; path = StockRankUITests.xctest; sourceTree = BUILT_PRODUCTS_DIR; };
		E04415A82AE55E6D003BB3BE /* StockRankUITests.swift */ = {isa = PBXFileReference; lastKnownFileType = sourcecode.swift; path = StockRankUITests.swift; sourceTree = "<group>"; };
		E04415AA2AE55E6D003BB3BE /* StockRankUITestsLaunchTests.swift */ = {isa = PBXFileReference; lastKnownFileType = sourcecode.swift; path = StockRankUITestsLaunchTests.swift; sourceTree = "<group>"; };
		E04415B72AE55E7B003BB3BE /* StockRankViewController.swift */ = {isa = PBXFileReference; lastKnownFileType = sourcecode.swift; path = StockRankViewController.swift; sourceTree = "<group>"; };
		E097DC132AE682D60095B54E /* StockRankCollectionViewCell.swift */ = {isa = PBXFileReference; lastKnownFileType = sourcecode.swift; path = StockRankCollectionViewCell.swift; sourceTree = "<group>"; };
		E097DC152AE684F00095B54E /* StockModel.swift */ = {isa = PBXFileReference; lastKnownFileType = sourcecode.swift; path = StockModel.swift; sourceTree = "<group>"; };
/* End PBXFileReference section */

/* Begin PBXFrameworksBuildPhase section */
		E04415812AE55E6A003BB3BE /* Frameworks */ = {
			isa = PBXFrameworksBuildPhase;
			buildActionMask = 2147483647;
			files = (
			);
			runOnlyForDeploymentPostprocessing = 0;
		};
		E04415972AE55E6D003BB3BE /* Frameworks */ = {
			isa = PBXFrameworksBuildPhase;
			buildActionMask = 2147483647;
			files = (
			);
			runOnlyForDeploymentPostprocessing = 0;
		};
		E04415A12AE55E6D003BB3BE /* Frameworks */ = {
			isa = PBXFrameworksBuildPhase;
			buildActionMask = 2147483647;
			files = (
			);
			runOnlyForDeploymentPostprocessing = 0;
		};
/* End PBXFrameworksBuildPhase section */

/* Begin PBXGroup section */
		E044157B2AE55E6A003BB3BE = {
			isa = PBXGroup;
			children = (
				E04415862AE55E6A003BB3BE /* StockRank */,
				E044159D2AE55E6D003BB3BE /* StockRankTests */,
				E04415A72AE55E6D003BB3BE /* StockRankUITests */,
				E04415852AE55E6A003BB3BE /* Products */,
			);
			sourceTree = "<group>";
		};
		E04415852AE55E6A003BB3BE /* Products */ = {
			isa = PBXGroup;
			children = (
				E04415842AE55E6A003BB3BE /* StockRank.app */,
				E044159A2AE55E6D003BB3BE /* StockRankTests.xctest */,
				E04415A42AE55E6D003BB3BE /* StockRankUITests.xctest */,
			);
			name = Products;
			sourceTree = "<group>";
		};
		E04415862AE55E6A003BB3BE /* StockRank */ = {
			isa = PBXGroup;
			children = (
				E04415B72AE55E7B003BB3BE /* StockRankViewController.swift */,
				E097DC152AE684F00095B54E /* StockModel.swift */,
				E04415872AE55E6A003BB3BE /* AppDelegate.swift */,
				E04415892AE55E6A003BB3BE /* SceneDelegate.swift */,
				E044158B2AE55E6A003BB3BE /* ViewController.swift */,
				E044158D2AE55E6A003BB3BE /* Main.storyboard */,
				E097DC132AE682D60095B54E /* StockRankCollectionViewCell.swift */,
				E04415902AE55E6D003BB3BE /* Assets.xcassets */,
				E04415922AE55E6D003BB3BE /* LaunchScreen.storyboard */,
				E04415952AE55E6D003BB3BE /* Info.plist */,
			);
			path = StockRank;
			sourceTree = "<group>";
		};
		E044159D2AE55E6D003BB3BE /* StockRankTests */ = {
			isa = PBXGroup;
			children = (
				E044159E2AE55E6D003BB3BE /* StockRankTests.swift */,
			);
			path = StockRankTests;
			sourceTree = "<group>";
		};
		E04415A72AE55E6D003BB3BE /* StockRankUITests */ = {
			isa = PBXGroup;
			children = (
				E04415A82AE55E6D003BB3BE /* StockRankUITests.swift */,
				E04415AA2AE55E6D003BB3BE /* StockRankUITestsLaunchTests.swift */,
			);
			path = StockRankUITests;
			sourceTree = "<group>";
		};
/* End PBXGroup section */

/* Begin PBXNativeTarget section */
		E04415832AE55E6A003BB3BE /* StockRank */ = {
			isa = PBXNativeTarget;
			buildConfigurationList = E04415AE2AE55E6D003BB3BE /* Build configuration list for PBXNativeTarget "StockRank" */;
			buildPhases = (
				E04415802AE55E6A003BB3BE /* Sources */,
				E04415812AE55E6A003BB3BE /* Frameworks */,
				E04415822AE55E6A003BB3BE /* Resources */,
			);
			buildRules = (
			);
			dependencies = (
			);
			name = StockRank;
			productName = StockRank;
			productReference = E04415842AE55E6A003BB3BE /* StockRank.app */;
			productType = "com.apple.product-type.application";
		};
		E04415992AE55E6D003BB3BE /* StockRankTests */ = {
			isa = PBXNativeTarget;
			buildConfigurationList = E04415B12AE55E6D003BB3BE /* Build configuration list for PBXNativeTarget "StockRankTests" */;
			buildPhases = (
				E04415962AE55E6D003BB3BE /* Sources */,
				E04415972AE55E6D003BB3BE /* Frameworks */,
				E04415982AE55E6D003BB3BE /* Resources */,
			);
			buildRules = (
			);
			dependencies = (
				E044159C2AE55E6D003BB3BE /* PBXTargetDependency */,
			);
			name = StockRankTests;
			productName = StockRankTests;
			productReference = E044159A2AE55E6D003BB3BE /* StockRankTests.xctest */;
			productType = "com.apple.product-type.bundle.unit-test";
		};
		E04415A32AE55E6D003BB3BE /* StockRankUITests */ = {
			isa = PBXNativeTarget;
			buildConfigurationList = E04415B42AE55E6D003BB3BE /* Build configuration list for PBXNativeTarget "StockRankUITests" */;
			buildPhases = (
				E04415A02AE55E6D003BB3BE /* Sources */,
				E04415A12AE55E6D003BB3BE /* Frameworks */,
				E04415A22AE55E6D003BB3BE /* Resources */,
			);
			buildRules = (
			);
			dependencies = (
				E04415A62AE55E6D003BB3BE /* PBXTargetDependency */,
			);
			name = StockRankUITests;
			productName = StockRankUITests;
			productReference = E04415A42AE55E6D003BB3BE /* StockRankUITests.xctest */;
			productType = "com.apple.product-type.bundle.ui-testing";
		};
/* End PBXNativeTarget section */

/* Begin PBXProject section */
		E044157C2AE55E6A003BB3BE /* Project object */ = {
			isa = PBXProject;
			attributes = {
				BuildIndependentTargetsInParallel = 1;
				LastSwiftUpdateCheck = 1500;
				LastUpgradeCheck = 1500;
				TargetAttributes = {
					E04415832AE55E6A003BB3BE = {
						CreatedOnToolsVersion = 15.0;
					};
					E04415992AE55E6D003BB3BE = {
						CreatedOnToolsVersion = 15.0;
						TestTargetID = E04415832AE55E6A003BB3BE;
					};
					E04415A32AE55E6D003BB3BE = {
						CreatedOnToolsVersion = 15.0;
						TestTargetID = E04415832AE55E6A003BB3BE;
					};
				};
			};
			buildConfigurationList = E044157F2AE55E6A003BB3BE /* Build configuration list for PBXProject "StockRank" */;
			compatibilityVersion = "Xcode 14.0";
			developmentRegion = en;
			hasScannedForEncodings = 0;
			knownRegions = (
				en,
				Base,
			);
			mainGroup = E044157B2AE55E6A003BB3BE;
			productRefGroup = E04415852AE55E6A003BB3BE /* Products */;
			projectDirPath = "";
			projectRoot = "";
			targets = (
				E04415832AE55E6A003BB3BE /* StockRank */,
				E04415992AE55E6D003BB3BE /* StockRankTests */,
				E04415A32AE55E6D003BB3BE /* StockRankUITests */,
			);
		};
/* End PBXProject section */

/* Begin PBXResourcesBuildPhase section */
		E04415822AE55E6A003BB3BE /* Resources */ = {
			isa = PBXResourcesBuildPhase;
			buildActionMask = 2147483647;
			files = (
				E04415942AE55E6D003BB3BE /* LaunchScreen.storyboard in Resources */,
				E04415912AE55E6D003BB3BE /* Assets.xcassets in Resources */,
				E044158F2AE55E6A003BB3BE /* Main.storyboard in Resources */,
			);
			runOnlyForDeploymentPostprocessing = 0;
		};
		E04415982AE55E6D003BB3BE /* Resources */ = {
			isa = PBXResourcesBuildPhase;
			buildActionMask = 2147483647;
			files = (
			);
			runOnlyForDeploymentPostprocessing = 0;
		};
		E04415A22AE55E6D003BB3BE /* Resources */ = {
			isa = PBXResourcesBuildPhase;
			buildActionMask = 2147483647;
			files = (
			);
			runOnlyForDeploymentPostprocessing = 0;
		};
/* End PBXResourcesBuildPhase section */

/* Begin PBXSourcesBuildPhase section */
		E04415802AE55E6A003BB3BE /* Sources */ = {
			isa = PBXSourcesBuildPhase;
			buildActionMask = 2147483647;
			files = (
				E044158C2AE55E6A003BB3BE /* ViewController.swift in Sources */,
				E04415882AE55E6A003BB3BE /* AppDelegate.swift in Sources */,
				E097DC162AE684F00095B54E /* StockModel.swift in Sources */,
				E044158A2AE55E6A003BB3BE /* SceneDelegate.swift in Sources */,
				E097DC142AE682D60095B54E /* StockRankCollectionViewCell.swift in Sources */,
				E04415B82AE55E7B003BB3BE /* StockRankViewController.swift in Sources */,
			);
			runOnlyForDeploymentPostprocessing = 0;
		};
		E04415962AE55E6D003BB3BE /* Sources */ = {
			isa = PBXSourcesBuildPhase;
			buildActionMask = 2147483647;
			files = (
				E044159F2AE55E6D003BB3BE /* StockRankTests.swift in Sources */,
			);
			runOnlyForDeploymentPostprocessing = 0;
		};
		E04415A02AE55E6D003BB3BE /* Sources */ = {
			isa = PBXSourcesBuildPhase;
			buildActionMask = 2147483647;
			files = (
				E04415A92AE55E6D003BB3BE /* StockRankUITests.swift in Sources */,
				E04415AB2AE55E6D003BB3BE /* StockRankUITestsLaunchTests.swift in Sources */,
			);
			runOnlyForDeploymentPostprocessing = 0;
		};
/* End PBXSourcesBuildPhase section */

/* Begin PBXTargetDependency section */
		E044159C2AE55E6D003BB3BE /* PBXTargetDependency */ = {
			isa = PBXTargetDependency;
			target = E04415832AE55E6A003BB3BE /* StockRank */;
			targetProxy = E044159B2AE55E6D003BB3BE /* PBXContainerItemProxy */;
		};
		E04415A62AE55E6D003BB3BE /* PBXTargetDependency */ = {
			isa = PBXTargetDependency;
			target = E04415832AE55E6A003BB3BE /* StockRank */;
			targetProxy = E04415A52AE55E6D003BB3BE /* PBXContainerItemProxy */;
		};
/* End PBXTargetDependency section */

/* Begin PBXVariantGroup section */
		E044158D2AE55E6A003BB3BE /* Main.storyboard */ = {
			isa = PBXVariantGroup;
			children = (
				E044158E2AE55E6A003BB3BE /* Base */,
			);
			name = Main.storyboard;
			sourceTree = "<group>";
		};
		E04415922AE55E6D003BB3BE /* LaunchScreen.storyboard */ = {
			isa = PBXVariantGroup;
			children = (
				E04415932AE55E6D003BB3BE /* Base */,
			);
			name = LaunchScreen.storyboard;
			sourceTree = "<group>";
		};
/* End PBXVariantGroup section */

/* Begin XCBuildConfiguration section */
		E04415AC2AE55E6D003BB3BE /* Debug */ = {
			isa = XCBuildConfiguration;
			buildSettings = {
				ALWAYS_SEARCH_USER_PATHS = NO;
				ASSETCATALOG_COMPILER_GENERATE_SWIFT_ASSET_SYMBOL_EXTENSIONS = YES;
				CLANG_ANALYZER_NONNULL = YES;
				CLANG_ANALYZER_NUMBER_OBJECT_CONVERSION = YES_AGGRESSIVE;
				CLANG_CXX_LANGUAGE_STANDARD = "gnu++20";
				CLANG_ENABLE_MODULES = YES;
				CLANG_ENABLE_OBJC_ARC = YES;
				CLANG_ENABLE_OBJC_WEAK = YES;
				CLANG_WARN_BLOCK_CAPTURE_AUTORELEASING = YES;
				CLANG_WARN_BOOL_CONVERSION = YES;
				CLANG_WARN_COMMA = YES;
				CLANG_WARN_CONSTANT_CONVERSION = YES;
				CLANG_WARN_DEPRECATED_OBJC_IMPLEMENTATIONS = YES;
				CLANG_WARN_DIRECT_OBJC_ISA_USAGE = YES_ERROR;
				CLANG_WARN_DOCUMENTATION_COMMENTS = YES;
				CLANG_WARN_EMPTY_BODY = YES;
				CLANG_WARN_ENUM_CONVERSION = YES;
				CLANG_WARN_INFINITE_RECURSION = YES;
				CLANG_WARN_INT_CONVERSION = YES;
				CLANG_WARN_NON_LITERAL_NULL_CONVERSION = YES;
				CLANG_WARN_OBJC_IMPLICIT_RETAIN_SELF = YES;
				CLANG_WARN_OBJC_LITERAL_CONVERSION = YES;
				CLANG_WARN_OBJC_ROOT_CLASS = YES_ERROR;
				CLANG_WARN_QUOTED_INCLUDE_IN_FRAMEWORK_HEADER = YES;
				CLANG_WARN_RANGE_LOOP_ANALYSIS = YES;
				CLANG_WARN_STRICT_PROTOTYPES = YES;
				CLANG_WARN_SUSPICIOUS_MOVE = YES;
				CLANG_WARN_UNGUARDED_AVAILABILITY = YES_AGGRESSIVE;
				CLANG_WARN_UNREACHABLE_CODE = YES;
				CLANG_WARN__DUPLICATE_METHOD_MATCH = YES;
				COPY_PHASE_STRIP = NO;
				DEBUG_INFORMATION_FORMAT = dwarf;
				ENABLE_STRICT_OBJC_MSGSEND = YES;
				ENABLE_TESTABILITY = YES;
				ENABLE_USER_SCRIPT_SANDBOXING = YES;
				GCC_C_LANGUAGE_STANDARD = gnu17;
				GCC_DYNAMIC_NO_PIC = NO;
				GCC_NO_COMMON_BLOCKS = YES;
				GCC_OPTIMIZATION_LEVEL = 0;
				GCC_PREPROCESSOR_DEFINITIONS = (
					"DEBUG=1",
					"$(inherited)",
				);
				GCC_WARN_64_TO_32_BIT_CONVERSION = YES;
				GCC_WARN_ABOUT_RETURN_TYPE = YES_ERROR;
				GCC_WARN_UNDECLARED_SELECTOR = YES;
				GCC_WARN_UNINITIALIZED_AUTOS = YES_AGGRESSIVE;
				GCC_WARN_UNUSED_FUNCTION = YES;
				GCC_WARN_UNUSED_VARIABLE = YES;
				IPHONEOS_DEPLOYMENT_TARGET = 17.0;
				LOCALIZATION_PREFERS_STRING_CATALOGS = YES;
				MTL_ENABLE_DEBUG_INFO = INCLUDE_SOURCE;
				MTL_FAST_MATH = YES;
				ONLY_ACTIVE_ARCH = YES;
				SDKROOT = iphoneos;
				SWIFT_ACTIVE_COMPILATION_CONDITIONS = "DEBUG $(inherited)";
				SWIFT_OPTIMIZATION_LEVEL = "-Onone";
			};
			name = Debug;
		};
		E04415AD2AE55E6D003BB3BE /* Release */ = {
			isa = XCBuildConfiguration;
			buildSettings = {
				ALWAYS_SEARCH_USER_PATHS = NO;
				ASSETCATALOG_COMPILER_GENERATE_SWIFT_ASSET_SYMBOL_EXTENSIONS = YES;
				CLANG_ANALYZER_NONNULL = YES;
				CLANG_ANALYZER_NUMBER_OBJECT_CONVERSION = YES_AGGRESSIVE;
				CLANG_CXX_LANGUAGE_STANDARD = "gnu++20";
				CLANG_ENABLE_MODULES = YES;
				CLANG_ENABLE_OBJC_ARC = YES;
				CLANG_ENABLE_OBJC_WEAK = YES;
				CLANG_WARN_BLOCK_CAPTURE_AUTORELEASING = YES;
				CLANG_WARN_BOOL_CONVERSION = YES;
				CLANG_WARN_COMMA = YES;
				CLANG_WARN_CONSTANT_CONVERSION = YES;
				CLANG_WARN_DEPRECATED_OBJC_IMPLEMENTATIONS = YES;
				CLANG_WARN_DIRECT_OBJC_ISA_USAGE = YES_ERROR;
				CLANG_WARN_DOCUMENTATION_COMMENTS = YES;
				CLANG_WARN_EMPTY_BODY = YES;
				CLANG_WARN_ENUM_CONVERSION = YES;
				CLANG_WARN_INFINITE_RECURSION = YES;
				CLANG_WARN_INT_CONVERSION = YES;
				CLANG_WARN_NON_LITERAL_NULL_CONVERSION = YES;
				CLANG_WARN_OBJC_IMPLICIT_RETAIN_SELF = YES;
				CLANG_WARN_OBJC_LITERAL_CONVERSION = YES;
				CLANG_WARN_OBJC_ROOT_CLASS = YES_ERROR;
				CLANG_WARN_QUOTED_INCLUDE_IN_FRAMEWORK_HEADER = YES;
				CLANG_WARN_RANGE_LOOP_ANALYSIS = YES;
				CLANG_WARN_STRICT_PROTOTYPES = YES;
				CLANG_WARN_SUSPICIOUS_MOVE = YES;
				CLANG_WARN_UNGUARDED_AVAILABILITY = YES_AGGRESSIVE;
				CLANG_WARN_UNREACHABLE_CODE = YES;
				CLANG_WARN__DUPLICATE_METHOD_MATCH = YES;
				COPY_PHASE_STRIP = NO;
				DEBUG_INFORMATION_FORMAT = "dwarf-with-dsym";
				ENABLE_NS_ASSERTIONS = NO;
				ENABLE_STRICT_OBJC_MSGSEND = YES;
				ENABLE_USER_SCRIPT_SANDBOXING = YES;
				GCC_C_LANGUAGE_STANDARD = gnu17;
				GCC_NO_COMMON_BLOCKS = YES;
				GCC_WARN_64_TO_32_BIT_CONVERSION = YES;
				GCC_WARN_ABOUT_RETURN_TYPE = YES_ERROR;
				GCC_WARN_UNDECLARED_SELECTOR = YES;
				GCC_WARN_UNINITIALIZED_AUTOS = YES_AGGRESSIVE;
				GCC_WARN_UNUSED_FUNCTION = YES;
				GCC_WARN_UNUSED_VARIABLE = YES;
				IPHONEOS_DEPLOYMENT_TARGET = 17.0;
				LOCALIZATION_PREFERS_STRING_CATALOGS = YES;
				MTL_ENABLE_DEBUG_INFO = NO;
				MTL_FAST_MATH = YES;
				SDKROOT = iphoneos;
				SWIFT_COMPILATION_MODE = wholemodule;
				VALIDATE_PRODUCT = YES;
			};
			name = Release;
		};
		E04415AF2AE55E6D003BB3BE /* Debug */ = {
			isa = XCBuildConfiguration;
			buildSettings = {
				ASSETCATALOG_COMPILER_APPICON_NAME = AppIcon;
				ASSETCATALOG_COMPILER_GLOBAL_ACCENT_COLOR_NAME = AccentColor;
				CODE_SIGN_STYLE = Automatic;
				CURRENT_PROJECT_VERSION = 1;
				GENERATE_INFOPLIST_FILE = YES;
				INFOPLIST_FILE = StockRank/Info.plist;
				INFOPLIST_KEY_UIApplicationSupportsIndirectInputEvents = YES;
				INFOPLIST_KEY_UILaunchStoryboardName = LaunchScreen;
				INFOPLIST_KEY_UIMainStoryboardFile = Main;
				INFOPLIST_KEY_UISupportedInterfaceOrientations_iPad = "UIInterfaceOrientationPortrait UIInterfaceOrientationPortraitUpsideDown UIInterfaceOrientationLandscapeLeft UIInterfaceOrientationLandscapeRight";
				INFOPLIST_KEY_UISupportedInterfaceOrientations_iPhone = "UIInterfaceOrientationPortrait UIInterfaceOrientationLandscapeLeft UIInterfaceOrientationLandscapeRight";
				LD_RUNPATH_SEARCH_PATHS = (
					"$(inherited)",
					"@executable_path/Frameworks",
				);
				MARKETING_VERSION = 1.0;
				PRODUCT_BUNDLE_IDENTIFIER = DDAEZI.StockRank;
				PRODUCT_NAME = "$(TARGET_NAME)";
				SWIFT_EMIT_LOC_STRINGS = YES;
				SWIFT_VERSION = 5.0;
				TARGETED_DEVICE_FAMILY = "1,2";
			};
			name = Debug;
		};
		E04415B02AE55E6D003BB3BE /* Release */ = {
			isa = XCBuildConfiguration;
			buildSettings = {
				ASSETCATALOG_COMPILER_APPICON_NAME = AppIcon;
				ASSETCATALOG_COMPILER_GLOBAL_ACCENT_COLOR_NAME = AccentColor;
				CODE_SIGN_STYLE = Automatic;
				CURRENT_PROJECT_VERSION = 1;
				GENERATE_INFOPLIST_FILE = YES;
				INFOPLIST_FILE = StockRank/Info.plist;
				INFOPLIST_KEY_UIApplicationSupportsIndirectInputEvents = YES;
				INFOPLIST_KEY_UILaunchStoryboardName = LaunchScreen;
				INFOPLIST_KEY_UIMainStoryboardFile = Main;
				INFOPLIST_KEY_UISupportedInterfaceOrientations_iPad = "UIInterfaceOrientationPortrait UIInterfaceOrientationPortraitUpsideDown UIInterfaceOrientationLandscapeLeft UIInterfaceOrientationLandscapeRight";
				INFOPLIST_KEY_UISupportedInterfaceOrientations_iPhone = "UIInterfaceOrientationPortrait UIInterfaceOrientationLandscapeLeft UIInterfaceOrientationLandscapeRight";
				LD_RUNPATH_SEARCH_PATHS = (
					"$(inherited)",
					"@executable_path/Frameworks",
				);
				MARKETING_VERSION = 1.0;
				PRODUCT_BUNDLE_IDENTIFIER = DDAEZI.StockRank;
				PRODUCT_NAME = "$(TARGET_NAME)";
				SWIFT_EMIT_LOC_STRINGS = YES;
				SWIFT_VERSION = 5.0;
				TARGETED_DEVICE_FAMILY = "1,2";
			};
			name = Release;
		};
		E04415B22AE55E6D003BB3BE /* Debug */ = {
			isa = XCBuildConfiguration;
			buildSettings = {
				ALWAYS_EMBED_SWIFT_STANDARD_LIBRARIES = YES;
				BUNDLE_LOADER = "$(TEST_HOST)";
				CODE_SIGN_STYLE = Automatic;
				CURRENT_PROJECT_VERSION = 1;
				GENERATE_INFOPLIST_FILE = YES;
				IPHONEOS_DEPLOYMENT_TARGET = 17.0;
				MARKETING_VERSION = 1.0;
				PRODUCT_BUNDLE_IDENTIFIER = DDAEZI.StockRankTests;
				PRODUCT_NAME = "$(TARGET_NAME)";
				SWIFT_EMIT_LOC_STRINGS = NO;
				SWIFT_VERSION = 5.0;
				TARGETED_DEVICE_FAMILY = "1,2";
				TEST_HOST = "$(BUILT_PRODUCTS_DIR)/StockRank.app/$(BUNDLE_EXECUTABLE_FOLDER_PATH)/StockRank";
			};
			name = Debug;
		};
		E04415B32AE55E6D003BB3BE /* Release */ = {
			isa = XCBuildConfiguration;
			buildSettings = {
				ALWAYS_EMBED_SWIFT_STANDARD_LIBRARIES = YES;
				BUNDLE_LOADER = "$(TEST_HOST)";
				CODE_SIGN_STYLE = Automatic;
				CURRENT_PROJECT_VERSION = 1;
				GENERATE_INFOPLIST_FILE = YES;
				IPHONEOS_DEPLOYMENT_TARGET = 17.0;
				MARKETING_VERSION = 1.0;
				PRODUCT_BUNDLE_IDENTIFIER = DDAEZI.StockRankTests;
				PRODUCT_NAME = "$(TARGET_NAME)";
				SWIFT_EMIT_LOC_STRINGS = NO;
				SWIFT_VERSION = 5.0;
				TARGETED_DEVICE_FAMILY = "1,2";
				TEST_HOST = "$(BUILT_PRODUCTS_DIR)/StockRank.app/$(BUNDLE_EXECUTABLE_FOLDER_PATH)/StockRank";
			};
			name = Release;
		};
		E04415B52AE55E6D003BB3BE /* Debug */ = {
			isa = XCBuildConfiguration;
			buildSettings = {
				ALWAYS_EMBED_SWIFT_STANDARD_LIBRARIES = YES;
				CODE_SIGN_STYLE = Automatic;
				CURRENT_PROJECT_VERSION = 1;
				GENERATE_INFOPLIST_FILE = YES;
				MARKETING_VERSION = 1.0;
				PRODUCT_BUNDLE_IDENTIFIER = DDAEZI.StockRankUITests;
				PRODUCT_NAME = "$(TARGET_NAME)";
				SWIFT_EMIT_LOC_STRINGS = NO;
				SWIFT_VERSION = 5.0;
				TARGETED_DEVICE_FAMILY = "1,2";
				TEST_TARGET_NAME = StockRank;
			};
			name = Debug;
		};
		E04415B62AE55E6D003BB3BE /* Release */ = {
			isa = XCBuildConfiguration;
			buildSettings = {
				ALWAYS_EMBED_SWIFT_STANDARD_LIBRARIES = YES;
				CODE_SIGN_STYLE = Automatic;
				CURRENT_PROJECT_VERSION = 1;
				GENERATE_INFOPLIST_FILE = YES;
				MARKETING_VERSION = 1.0;
				PRODUCT_BUNDLE_IDENTIFIER = DDAEZI.StockRankUITests;
				PRODUCT_NAME = "$(TARGET_NAME)";
				SWIFT_EMIT_LOC_STRINGS = NO;
				SWIFT_VERSION = 5.0;
				TARGETED_DEVICE_FAMILY = "1,2";
				TEST_TARGET_NAME = StockRank;
			};
			name = Release;
		};
/* End XCBuildConfiguration section */

/* Begin XCConfigurationList section */
		E044157F2AE55E6A003BB3BE /* Build configuration list for PBXProject "StockRank" */ = {
			isa = XCConfigurationList;
			buildConfigurations = (
				E04415AC2AE55E6D003BB3BE /* Debug */,
				E04415AD2AE55E6D003BB3BE /* Release */,
			);
			defaultConfigurationIsVisible = 0;
			defaultConfigurationName = Release;
		};
		E04415AE2AE55E6D003BB3BE /* Build configuration list for PBXNativeTarget "StockRank" */ = {
			isa = XCConfigurationList;
			buildConfigurations = (
				E04415AF2AE55E6D003BB3BE /* Debug */,
				E04415B02AE55E6D003BB3BE /* Release */,
			);
			defaultConfigurationIsVisible = 0;
			defaultConfigurationName = Release;
		};
		E04415B12AE55E6D003BB3BE /* Build configuration list for PBXNativeTarget "StockRankTests" */ = {
			isa = XCConfigurationList;
			buildConfigurations = (
				E04415B22AE55E6D003BB3BE /* Debug */,
				E04415B32AE55E6D003BB3BE /* Release */,
			);
			defaultConfigurationIsVisible = 0;
			defaultConfigurationName = Release;
		};
		E04415B42AE55E6D003BB3BE /* Build configuration list for PBXNativeTarget "StockRankUITests" */ = {
			isa = XCConfigurationList;
			buildConfigurations = (
				E04415B52AE55E6D003BB3BE /* Debug */,
				E04415B62AE55E6D003BB3BE /* Release */,
			);
			defaultConfigurationIsVisible = 0;
			defaultConfigurationName = Release;
		};
/* End XCConfigurationList section */
	};
	rootObject = E044157C2AE55E6A003BB3BE /* Project object */;
}
